%{
  "distillery": {:hex, :distillery, "1.5.2", "eec18b2d37b55b0bcb670cf2bcf64228ed38ce8b046bb30a9b636a6f5a4c0080", [:mix], [], "hexpm"},
  "nerves": {:git, "https://github.com/nerves-project/nerves.git", "9276827a9afbc3b0cce8716af1afa3a5a68523f5", [branch: "host_tools"]},
  "toolchain_extras": {:git, "https://github.com/elcritch/toolchain_extras.git", "1ba221cfa3f1b3286c685cbbb9dd8cd32475acd2", [branch: "master"]},
}
